// !$*UTF8*$!
{
	archiveVersion = 1;
	classes = {
	};
	objectVersion = 46;
	objects = {

/* Begin PBXBuildFile section */
		008763C21BE4FAD200947433 /* AppDelegate.swift in Sources */ = {isa = PBXBuildFile; fileRef = 008763C11BE4FAD200947433 /* AppDelegate.swift */; };
		008763C41BE4FAD200947433 /* PlayController.swift in Sources */ = {isa = PBXBuildFile; fileRef = 008763C31BE4FAD200947433 /* PlayController.swift */; };
		008763C71BE4FAD200947433 /* Main.storyboard in Resources */ = {isa = PBXBuildFile; fileRef = 008763C51BE4FAD200947433 /* Main.storyboard */; };
		008763C91BE4FAD200947433 /* Assets.xcassets in Resources */ = {isa = PBXBuildFile; fileRef = 008763C81BE4FAD200947433 /* Assets.xcassets */; };
		008763CC1BE4FAD200947433 /* LaunchScreen.storyboard in Resources */ = {isa = PBXBuildFile; fileRef = 008763CA1BE4FAD200947433 /* LaunchScreen.storyboard */; };
		008763D71BE4FAD200947433 /* BooTests.swift in Sources */ = {isa = PBXBuildFile; fileRef = 008763D61BE4FAD200947433 /* BooTests.swift */; };
		008763EA1BE5315800947433 /* AVFoundation.framework in Frameworks */ = {isa = PBXBuildFile; fileRef = 008763E91BE5315800947433 /* AVFoundation.framework */; };
		008763EC1BE5366300947433 /* boo.mp3 in Resources */ = {isa = PBXBuildFile; fileRef = 008763EB1BE5366300947433 /* boo.mp3 */; };
/* End PBXBuildFile section */

/* Begin PBXContainerItemProxy section */
		008763D31BE4FAD200947433 /* PBXContainerItemProxy */ = {
			isa = PBXContainerItemProxy;
			containerPortal = 008763B61BE4FAD200947433 /* Project object */;
			proxyType = 1;
			remoteGlobalIDString = 008763BD1BE4FAD200947433;
			remoteInfo = Boo;
		};
/* End PBXContainerItemProxy section */

/* Begin PBXFileReference section */
		008763BE1BE4FAD200947433 /* Boo.app */ = {isa = PBXFileReference; explicitFileType = wrapper.application; includeInIndex = 0; path = Boo.app; sourceTree = BUILT_PRODUCTS_DIR; };
		008763C11BE4FAD200947433 /* AppDelegate.swift */ = {isa = PBXFileReference; lastKnownFileType = sourcecode.swift; path = AppDelegate.swift; sourceTree = "<group>"; };
		008763C31BE4FAD200947433 /* PlayController.swift */ = {isa = PBXFileReference; lastKnownFileType = sourcecode.swift; path = PlayController.swift; sourceTree = "<group>"; };
		008763C61BE4FAD200947433 /* Base */ = {isa = PBXFileReference; lastKnownFileType = file.storyboard; name = Base; path = Base.lproj/Main.storyboard; sourceTree = "<group>"; };
		008763C81BE4FAD200947433 /* Assets.xcassets */ = {isa = PBXFileReference; lastKnownFileType = folder.assetcatalog; path = Assets.xcassets; sourceTree = "<group>"; };
		008763CB1BE4FAD200947433 /* Base */ = {isa = PBXFileReference; lastKnownFileType = file.storyboard; name = Base; path = Base.lproj/LaunchScreen.storyboard; sourceTree = "<group>"; };
		008763CD1BE4FAD200947433 /* Info.plist */ = {isa = PBXFileReference; lastKnownFileType = text.plist.xml; path = Info.plist; sourceTree = "<group>"; };
		008763D21BE4FAD200947433 /* BooTests.xctest */ = {isa = PBXFileReference; explicitFileType = wrapper.cfbundle; includeInIndex = 0; path = BooTests.xctest; sourceTree = BUILT_PRODUCTS_DIR; };
		008763D61BE4FAD200947433 /* BooTests.swift */ = {isa = PBXFileReference; lastKnownFileType = sourcecode.swift; path = BooTests.swift; sourceTree = "<group>"; };
		008763D81BE4FAD200947433 /* Info.plist */ = {isa = PBXFileReference; lastKnownFileType = text.plist.xml; path = Info.plist; sourceTree = "<group>"; };
		008763E91BE5315800947433 /* AVFoundation.framework */ = {isa = PBXFileReference; lastKnownFileType = wrapper.framework; name = AVFoundation.framework; path = System/Library/Frameworks/AVFoundation.framework; sourceTree = SDKROOT; };
		008763EB1BE5366300947433 /* boo.mp3 */ = {isa = PBXFileReference; lastKnownFileType = audio.mp3; name = boo.mp3; path = ../../../Downloads/boo.mp3; sourceTree = "<group>"; };
/* End PBXFileReference section */

/* Begin PBXFrameworksBuildPhase section */
		008763BB1BE4FAD200947433 /* Frameworks */ = {
			isa = PBXFrameworksBuildPhase;
			buildActionMask = 2147483647;
			files = (
				008763EA1BE5315800947433 /* AVFoundation.framework in Frameworks */,
			);
			runOnlyForDeploymentPostprocessing = 0;
		};
		008763CF1BE4FAD200947433 /* Frameworks */ = {
			isa = PBXFrameworksBuildPhase;
			buildActionMask = 2147483647;
			files = (
			);
			runOnlyForDeploymentPostprocessing = 0;
		};
/* End PBXFrameworksBuildPhase section */

/* Begin PBXGroup section */
		008763B51BE4FAD200947433 = {
			isa = PBXGroup;
			children = (
				008763E91BE5315800947433 /* AVFoundation.framework */,
				008763C01BE4FAD200947433 /* Boo */,
				008763D51BE4FAD200947433 /* BooTests */,
				008763BF1BE4FAD200947433 /* Products */,
			);
			sourceTree = "<group>";
		};
		008763BF1BE4FAD200947433 /* Products */ = {
			isa = PBXGroup;
			children = (
				008763BE1BE4FAD200947433 /* Boo.app */,
				008763D21BE4FAD200947433 /* BooTests.xctest */,
			);
			name = Products;
			sourceTree = "<group>";
		};
		008763C01BE4FAD200947433 /* Boo */ = {
			isa = PBXGroup;
			children = (
				008763ED1BE53AC400947433 /* Audio */,
				008763C11BE4FAD200947433 /* AppDelegate.swift */,
				008763C31BE4FAD200947433 /* PlayController.swift */,
				008763C51BE4FAD200947433 /* Main.storyboard */,
				008763C81BE4FAD200947433 /* Assets.xcassets */,
				008763CA1BE4FAD200947433 /* LaunchScreen.storyboard */,
				008763CD1BE4FAD200947433 /* Info.plist */,
			);
			path = Boo;
			sourceTree = "<group>";
		};
		008763D51BE4FAD200947433 /* BooTests */ = {
			isa = PBXGroup;
			children = (
				008763D61BE4FAD200947433 /* BooTests.swift */,
				008763D81BE4FAD200947433 /* Info.plist */,
			);
			path = BooTests;
			sourceTree = "<group>";
		};
		008763ED1BE53AC400947433 /* Audio */ = {
			isa = PBXGroup;
			children = (
				008763EB1BE5366300947433 /* boo.mp3 */,
			);
			name = Audio;
			sourceTree = "<group>";
		};
/* End PBXGroup section */

/* Begin PBXNativeTarget section */
		008763BD1BE4FAD200947433 /* Boo */ = {
			isa = PBXNativeTarget;
			buildConfigurationList = 008763DB1BE4FAD200947433 /* Build configuration list for PBXNativeTarget "Boo" */;
			buildPhases = (
				008763BA1BE4FAD200947433 /* Sources */,
				008763BB1BE4FAD200947433 /* Frameworks */,
				008763BC1BE4FAD200947433 /* Resources */,
			);
			buildRules = (
			);
			dependencies = (
			);
			name = Boo;
			productName = Boo;
			productReference = 008763BE1BE4FAD200947433 /* Boo.app */;
			productType = "com.apple.product-type.application";
		};
		008763D11BE4FAD200947433 /* BooTests */ = {
			isa = PBXNativeTarget;
			buildConfigurationList = 008763DE1BE4FAD200947433 /* Build configuration list for PBXNativeTarget "BooTests" */;
			buildPhases = (
				008763CE1BE4FAD200947433 /* Sources */,
				008763CF1BE4FAD200947433 /* Frameworks */,
				008763D01BE4FAD200947433 /* Resources */,
			);
			buildRules = (
			);
			dependencies = (
				008763D41BE4FAD200947433 /* PBXTargetDependency */,
			);
			name = BooTests;
			productName = BooTests;
			productReference = 008763D21BE4FAD200947433 /* BooTests.xctest */;
			productType = "com.apple.product-type.bundle.unit-test";
		};
/* End PBXNativeTarget section */

/* Begin PBXProject section */
		008763B61BE4FAD200947433 /* Project object */ = {
			isa = PBXProject;
			attributes = {
				LastSwiftUpdateCheck = 0710;
				LastUpgradeCheck = 0710;
				ORGANIZATIONNAME = "Ziga Besal";
				TargetAttributes = {
					008763BD1BE4FAD200947433 = {
						CreatedOnToolsVersion = 7.1;
						DevelopmentTeam = J8YFB2DX8S;
					};
					008763D11BE4FAD200947433 = {
						CreatedOnToolsVersion = 7.1;
						DevelopmentTeam = J8YFB2DX8S;
						TestTargetID = 008763BD1BE4FAD200947433;
					};
				};
			};
			buildConfigurationList = 008763B91BE4FAD200947433 /* Build configuration list for PBXProject "Boo" */;
			compatibilityVersion = "Xcode 3.2";
			developmentRegion = English;
			hasScannedForEncodings = 0;
			knownRegions = (
				en,
				Base,
			);
			mainGroup = 008763B51BE4FAD200947433;
			productRefGroup = 008763BF1BE4FAD200947433 /* Products */;
			projectDirPath = "";
			projectRoot = "";
			targets = (
				008763BD1BE4FAD200947433 /* Boo */,
				008763D11BE4FAD200947433 /* BooTests */,
			);
		};
/* End PBXProject section */

/* Begin PBXResourcesBuildPhase section */
		008763BC1BE4FAD200947433 /* Resources */ = {
			isa = PBXResourcesBuildPhase;
			buildActionMask = 2147483647;
			files = (
				008763CC1BE4FAD200947433 /* LaunchScreen.storyboard in Resources */,
				008763EC1BE5366300947433 /* boo.mp3 in Resources */,
				008763C91BE4FAD200947433 /* Assets.xcassets in Resources */,
				008763C71BE4FAD200947433 /* Main.storyboard in Resources */,
			);
			runOnlyForDeploymentPostprocessing = 0;
		};
		008763D01BE4FAD200947433 /* Resources */ = {
			isa = PBXResourcesBuildPhase;
			buildActionMask = 2147483647;
			files = (
			);
			runOnlyForDeploymentPostprocessing = 0;
		};
/* End PBXResourcesBuildPhase section */

/* Begin PBXSourcesBuildPhase section */
		008763BA1BE4FAD200947433 /* Sources */ = {
			isa = PBXSourcesBuildPhase;
			buildActionMask = 2147483647;
			files = (
				008763C41BE4FAD200947433 /* PlayController.swift in Sources */,
				008763C21BE4FAD200947433 /* AppDelegate.swift in Sources */,
			);
			runOnlyForDeploymentPostprocessing = 0;
		};
		008763CE1BE4FAD200947433 /* Sources */ = {
			isa = PBXSourcesBuildPhase;
			buildActionMask = 2147483647;
			files = (
				008763D71BE4FAD200947433 /* BooTests.swift in Sources */,
			);
			runOnlyForDeploymentPostprocessing = 0;
		};
/* End PBXSourcesBuildPhase section */

/* Begin PBXTargetDependency section */
		008763D41BE4FAD200947433 /* PBXTargetDependency */ = {
			isa = PBXTargetDependency;
			target = 008763BD1BE4FAD200947433 /* Boo */;
			targetProxy = 008763D31BE4FAD200947433 /* PBXContainerItemProxy */;
		};
/* End PBXTargetDependency section */

/* Begin PBXVariantGroup section */
		008763C51BE4FAD200947433 /* Main.storyboard */ = {
			isa = PBXVariantGroup;
			children = (
				008763C61BE4FAD200947433 /* Base */,
			);
			name = Main.storyboard;
			sourceTree = "<group>";
		};
		008763CA1BE4FAD200947433 /* LaunchScreen.storyboard */ = {
			isa = PBXVariantGroup;
			children = (
				008763CB1BE4FAD200947433 /* Base */,
			);
			name = LaunchScreen.storyboard;
			sourceTree = "<group>";
		};
/* End PBXVariantGroup section */

/* Begin XCBuildConfiguration section */
		008763D91BE4FAD200947433 /* Debug */ = {
			isa = XCBuildConfiguration;
			buildSettings = {
				ALWAYS_SEARCH_USER_PATHS = NO;
				CLANG_CXX_LANGUAGE_STANDARD = "gnu++0x";
				CLANG_CXX_LIBRARY = "libc++";
				CLANG_ENABLE_MODULES = YES;
				CLANG_ENABLE_OBJC_ARC = YES;
				CLANG_WARN_BOOL_CONVERSION = YES;
				CLANG_WARN_CONSTANT_CONVERSION = YES;
				CLANG_WARN_DIRECT_OBJC_ISA_USAGE = YES_ERROR;
				CLANG_WARN_EMPTY_BODY = YES;
				CLANG_WARN_ENUM_CONVERSION = YES;
				CLANG_WARN_INT_CONVERSION = YES;
				CLANG_WARN_OBJC_ROOT_CLASS = YES_ERROR;
				CLANG_WARN_UNREACHABLE_CODE = YES;
				CLANG_WARN__DUPLICATE_METHOD_MATCH = YES;
				"CODE_SIGN_IDENTITY[sdk=iphoneos*]" = "iPhone Developer";
				COPY_PHASE_STRIP = NO;
				DEBUG_INFORMATION_FORMAT = dwarf;
				ENABLE_STRICT_OBJC_MSGSEND = YES;
				ENABLE_TESTABILITY = YES;
				GCC_C_LANGUAGE_STANDARD = gnu99;
				GCC_DYNAMIC_NO_PIC = NO;
				GCC_NO_COMMON_BLOCKS = YES;
				GCC_OPTIMIZATION_LEVEL = 0;
				GCC_PREPROCESSOR_DEFINITIONS = (
					"DEBUG=1",
					"$(inherited)",
				);
				GCC_WARN_64_TO_32_BIT_CONVERSION = YES;
				GCC_WARN_ABOUT_RETURN_TYPE = YES_ERROR;
				GCC_WARN_UNDECLARED_SELECTOR = YES;
				GCC_WARN_UNINITIALIZED_AUTOS = YES_AGGRESSIVE;
				GCC_WARN_UNUSED_FUNCTION = YES;
				GCC_WARN_UNUSED_VARIABLE = YES;
				IPHONEOS_DEPLOYMENT_TARGET = 9.1;
				MTL_ENABLE_DEBUG_INFO = YES;
				ONLY_ACTIVE_ARCH = YES;
				SDKROOT = iphoneos;
				SWIFT_OPTIMIZATION_LEVEL = "-Onone";
				TARGETED_DEVICE_FAMILY = "1,2";
			};
			name = Debug;
		};
		008763DA1BE4FAD200947433 /* Release */ = {
			isa = XCBuildConfiguration;
			buildSettings = {
				ALWAYS_SEARCH_USER_PATHS = NO;
				CLANG_CXX_LANGUAGE_STANDARD = "gnu++0x";
				CLANG_CXX_LIBRARY = "libc++";
				CLANG_ENABLE_MODULES = YES;
				CLANG_ENABLE_OBJC_ARC = YES;
				CLANG_WARN_BOOL_CONVERSION = YES;
				CLANG_WARN_CONSTANT_CONVERSION = YES;
				CLANG_WARN_DIRECT_OBJC_ISA_USAGE = YES_ERROR;
				CLANG_WARN_EMPTY_BODY = YES;
				CLANG_WARN_ENUM_CONVERSION = YES;
				CLANG_WARN_INT_CONVERSION = YES;
				CLANG_WARN_OBJC_ROOT_CLASS = YES_ERROR;
				CLANG_WARN_UNREACHABLE_CODE = YES;
				CLANG_WARN__DUPLICATE_METHOD_MATCH = YES;
				"CODE_SIGN_IDENTITY[sdk=iphoneos*]" = "iPhone Developer";
				COPY_PHASE_STRIP = NO;
				DEBUG_INFORMATION_FORMAT = "dwarf-with-dsym";
				ENABLE_NS_ASSERTIONS = NO;
				ENABLE_STRICT_OBJC_MSGSEND = YES;
				GCC_C_LANGUAGE_STANDARD = gnu99;
				GCC_NO_COMMON_BLOCKS = YES;
				GCC_WARN_64_TO_32_BIT_CONVERSION = YES;
				GCC_WARN_ABOUT_RETURN_TYPE = YES_ERROR;
				GCC_WARN_UNDECLARED_SELECTOR = YES;
				GCC_WARN_UNINITIALIZED_AUTOS = YES_AGGRESSIVE;
				GCC_WARN_UNUSED_FUNCTION = YES;
				GCC_WARN_UNUSED_VARIABLE = YES;
				IPHONEOS_DEPLOYMENT_TARGET = 9.1;
				MTL_ENABLE_DEBUG_INFO = NO;
				SDKROOT = iphoneos;
				TARGETED_DEVICE_FAMILY = "1,2";
				VALIDATE_PRODUCT = YES;
			};
			name = Release;
		};
		008763DC1BE4FAD200947433 /* Debug */ = {
			isa = XCBuildConfiguration;
			buildSettings = {
				ASSETCATALOG_COMPILER_APPICON_NAME = AppIcon;
				INFOPLIST_FILE = Boo/Info.plist;
				IPHONEOS_DEPLOYMENT_TARGET = 9.0;
				LD_RUNPATH_SEARCH_PATHS = "$(inherited) @executable_path/Frameworks";
				PRODUCT_BUNDLE_IDENTIFIER = com.ziga.Boo;
				PRODUCT_NAME = "$(TARGET_NAME)";
			};
			name = Debug;
		};
		008763DD1BE4FAD200947433 /* Release */ = {
			isa = XCBuildConfiguration;
			buildSettings = {
				ASSETCATALOG_COMPILER_APPICON_NAME = AppIcon;
				INFOPLIST_FILE = Boo/Info.plist;
				IPHONEOS_DEPLOYMENT_TARGET = 9.0;
				LD_RUNPATH_SEARCH_PATHS = "$(inherited) @executable_path/Frameworks";
				PRODUCT_BUNDLE_IDENTIFIER = com.ziga.Boo;
				PRODUCT_NAME = "$(TARGET_NAME)";
			};
			name = Release;
		};
		008763DF1BE4FAD200947433 /* Debug */ = {
			isa = XCBuildConfiguration;
			buildSettings = {
				BUNDLE_LOADER = "$(TEST_HOST)";
				INFOPLIST_FILE = BooTests/Info.plist;
				LD_RUNPATH_SEARCH_PATHS = "$(inherited) @executable_path/Frameworks @loader_path/Frameworks";
				PRODUCT_BUNDLE_IDENTIFIER = com.ziga.BooTests;
				PRODUCT_NAME = "$(TARGET_NAME)";
				TEST_HOST = "$(BUILT_PRODUCTS_DIR)/Boo.app/Boo";
			};
			name = Debug;
		};
		008763E01BE4FAD200947433 /* Release */ = {
			isa = XCBuildConfiguration;
			buildSettings = {
				BUNDLE_LOADER = "$(TEST_HOST)";
				INFOPLIST_FILE = BooTests/Info.plist;
				LD_RUNPATH_SEARCH_PATHS = "$(inherited) @executable_path/Frameworks @loader_path/Frameworks";
				PRODUCT_BUNDLE_IDENTIFIER = com.ziga.BooTests;
				PRODUCT_NAME = "$(TARGET_NAME)";
				TEST_HOST = "$(BUILT_PRODUCTS_DIR)/Boo.app/Boo";
			};
			name = Release;
		};
/* End XCBuildConfiguration section */

/* Begin XCConfigurationList section */
		008763B91BE4FAD200947433 /* Build configuration list for PBXProject "Boo" */ = {
			isa = XCConfigurationList;
			buildConfigurations = (
				008763D91BE4FAD200947433 /* Debug */,
				008763DA1BE4FAD200947433 /* Release */,
			);
			defaultConfigurationIsVisible = 0;
			defaultConfigurationName = Release;
		};
		008763DB1BE4FAD200947433 /* Build configuration list for PBXNativeTarget "Boo" */ = {
			isa = XCConfigurationList;
			buildConfigurations = (
				008763DC1BE4FAD200947433 /* Debug */,
				008763DD1BE4FAD200947433 /* Release */,
			);
			defaultConfigurationIsVisible = 0;
			defaultConfigurationName = Release;
		};
		008763DE1BE4FAD200947433 /* Build configuration list for PBXNativeTarget "BooTests" */ = {
			isa = XCConfigurationList;
			buildConfigurations = (
				008763DF1BE4FAD200947433 /* Debug */,
				008763E01BE4FAD200947433 /* Release */,
			);
			defaultConfigurationIsVisible = 0;
			defaultConfigurationName = Release;
		};
/* End XCConfigurationList section */
	};
	rootObject = 008763B61BE4FAD200947433 /* Project object */;
}
